
Microsoft Visual Studio Solution File, Format Version 12.00
# Visual Studio Version 17
VisualStudioVersion = 17.11.35312.102
MinimumVisualStudioVersion = 10.0.40219.1
Project("{FAE04EC0-301F-11D3-BF4B-00C04F79EFBC}") = "Lista zadań", "Lista zadań\Lista zadań.csproj", "{F5D6DD05-EC75-4BA6-B056-BCD484F238ED}"
EndProject
Global
	GlobalSection(SolutionConfigurationPlatforms) = preSolution
		Debug|Any CPU = Debug|Any CPU
		Release|Any CPU = Release|Any CPU
	EndGlobalSection
	GlobalSection(ProjectConfigurationPlatforms) = postSolution
		{F5D6DD05-EC75-4BA6-B056-BCD484F238ED}.Debug|Any CPU.ActiveCfg = Debug|Any CPU
		{F5D6DD05-EC75-4BA6-B056-BCD484F238ED}.Debug|Any CPU.Build.0 = Debug|Any CPU
		{F5D6DD05-EC75-4BA6-B056-BCD484F238ED}.Release|Any CPU.ActiveCfg = Release|Any CPU
		{F5D6DD05-EC75-4BA6-B056-BCD484F238ED}.Release|Any CPU.Build.0 = Release|Any CPU
	EndGlobalSection
	GlobalSection(SolutionProperties) = preSolution
		HideSolutionNode = FALSE
	EndGlobalSection
	GlobalSection(ExtensibilityGlobals) = postSolution
		SolutionGuid = {065FEB92-1DC1-4B9B-8C3E-749C6F679085}
	EndGlobalSection
EndGlobal
